
Microsoft Visual Studio Solution File, Format Version 12.00
# Visual Studio Version 17
VisualStudioVersion = 17.0.31611.283
MinimumVisualStudioVersion = 10.0.40219.1
Project("{9A19103F-16F7-4668-BE54-9A1E7A4F7556}") = "MyMauiApp", "MyMauiApp\MyMauiApp.csproj", "{FAB287D4-CB24-4720-9A7D-B4394285179A}"
EndProject
Project("{FAE04EC0-301F-11D3-BF4B-00C04F79EFBC}") = "MyMauiBlazorApp1", "MyMauiBlazorApp1\MyMauiBlazorApp1.csproj", "{ADBD1ABD-0F67-406C-862F-DDEBBD9DE1B0}"
EndProject
Global
	GlobalSection(SolutionConfigurationPlatforms) = preSolution
		Debug|Any CPU = Debug|Any CPU
		Release|Any CPU = Release|Any CPU
	EndGlobalSection
	GlobalSection(ProjectConfigurationPlatforms) = postSolution
		{FAB287D4-CB24-4720-9A7D-B4394285179A}.Debug|Any CPU.ActiveCfg = Debug|Any CPU
		{FAB287D4-CB24-4720-9A7D-B4394285179A}.Debug|Any CPU.Build.0 = Debug|Any CPU
		{FAB287D4-CB24-4720-9A7D-B4394285179A}.Debug|Any CPU.Deploy.0 = Debug|Any CPU
		{FAB287D4-CB24-4720-9A7D-B4394285179A}.Release|Any CPU.ActiveCfg = Release|Any CPU
		{FAB287D4-CB24-4720-9A7D-B4394285179A}.Release|Any CPU.Build.0 = Release|Any CPU
		{FAB287D4-CB24-4720-9A7D-B4394285179A}.Release|Any CPU.Deploy.0 = Release|Any CPU
		{ADBD1ABD-0F67-406C-862F-DDEBBD9DE1B0}.Debug|Any CPU.ActiveCfg = Debug|Any CPU
		{ADBD1ABD-0F67-406C-862F-DDEBBD9DE1B0}.Debug|Any CPU.Build.0 = Debug|Any CPU
		{ADBD1ABD-0F67-406C-862F-DDEBBD9DE1B0}.Debug|Any CPU.Deploy.0 = Debug|Any CPU
		{ADBD1ABD-0F67-406C-862F-DDEBBD9DE1B0}.Release|Any CPU.ActiveCfg = Release|Any CPU
		{ADBD1ABD-0F67-406C-862F-DDEBBD9DE1B0}.Release|Any CPU.Build.0 = Release|Any CPU
		{ADBD1ABD-0F67-406C-862F-DDEBBD9DE1B0}.Release|Any CPU.Deploy.0 = Release|Any CPU
	EndGlobalSection
	GlobalSection(SolutionProperties) = preSolution
		HideSolutionNode = FALSE
	EndGlobalSection
	GlobalSection(ExtensibilityGlobals) = postSolution
		SolutionGuid = {61F7FB11-1E47-470C-91E2-47F8143E1572}
	EndGlobalSection
EndGlobal
